// !$*UTF8*$!
{
	archiveVersion = 1;
	classes = {
	};
	objectVersion = 46;
	objects = {

/* Begin PBXBuildFile section */
		3288E25F1BE388D700197AAB /* AppDelegate.swift in Sources */ = {isa = PBXBuildFile; fileRef = 3288E25E1BE388D700197AAB /* AppDelegate.swift */; };
		3288E2611BE388D700197AAB /* ViewController.swift in Sources */ = {isa = PBXBuildFile; fileRef = 3288E2601BE388D700197AAB /* ViewController.swift */; };
		3288E2641BE388D700197AAB /* Main.storyboard in Resources */ = {isa = PBXBuildFile; fileRef = 3288E2621BE388D700197AAB /* Main.storyboard */; };
		3288E2661BE388D700197AAB /* Assets.xcassets in Resources */ = {isa = PBXBuildFile; fileRef = 3288E2651BE388D700197AAB /* Assets.xcassets */; };
		3288E2691BE388D700197AAB /* LaunchScreen.storyboard in Resources */ = {isa = PBXBuildFile; fileRef = 3288E2671BE388D700197AAB /* LaunchScreen.storyboard */; };
		3288E2711BE3890800197AAB /* SPBackgroundDownloader.swift in Sources */ = {isa = PBXBuildFile; fileRef = 3288E2701BE3890800197AAB /* SPBackgroundDownloader.swift */; };
		3288E2751BE3C4BA00197AAB /* NSFileManager+Documents.swift in Sources */ = {isa = PBXBuildFile; fileRef = 3288E2741BE3C4BA00197AAB /* NSFileManager+Documents.swift */; };
		3288E2771BE3CC6800197AAB /* NSURL+WebURLPath.swift in Sources */ = {isa = PBXBuildFile; fileRef = 3288E2761BE3CC6800197AAB /* NSURL+WebURLPath.swift */; };
		3288E2791BE3CD4800197AAB /* String+WebURLPath.swift in Sources */ = {isa = PBXBuildFile; fileRef = 3288E2781BE3CD4800197AAB /* String+WebURLPath.swift */; };
		32A766801BE3FE0C00D2144B /* SPBackgroundDownloader+Sesson.swift in Sources */ = {isa = PBXBuildFile; fileRef = 32A7667F1BE3FE0C00D2144B /* SPBackgroundDownloader+Sesson.swift */; };
		32A766821BE3FE1600D2144B /* SPBackgroundDownloader+File.swift in Sources */ = {isa = PBXBuildFile; fileRef = 32A766811BE3FE1600D2144B /* SPBackgroundDownloader+File.swift */; };
		32A766841BE3FE7800D2144B /* SPBackgroundDownloader+Delegate.swift in Sources */ = {isa = PBXBuildFile; fileRef = 32A766831BE3FE7800D2144B /* SPBackgroundDownloader+Delegate.swift */; };
		32A766861BE3FEC200D2144B /* SPBackgroundDownloader+SessionDelegate.swift in Sources */ = {isa = PBXBuildFile; fileRef = 32A766851BE3FEC200D2144B /* SPBackgroundDownloader+SessionDelegate.swift */; };
		32A766881BE3FEFB00D2144B /* SPBackgroundDownloader+Users.swift in Sources */ = {isa = PBXBuildFile; fileRef = 32A766871BE3FEFB00D2144B /* SPBackgroundDownloader+Users.swift */; };
/* End PBXBuildFile section */

/* Begin PBXFileReference section */
		3288E25B1BE388D700197AAB /* BackgroundDownload.app */ = {isa = PBXFileReference; explicitFileType = wrapper.application; includeInIndex = 0; path = BackgroundDownload.app; sourceTree = BUILT_PRODUCTS_DIR; };
		3288E25E1BE388D700197AAB /* AppDelegate.swift */ = {isa = PBXFileReference; lastKnownFileType = sourcecode.swift; path = AppDelegate.swift; sourceTree = "<group>"; };
		3288E2601BE388D700197AAB /* ViewController.swift */ = {isa = PBXFileReference; lastKnownFileType = sourcecode.swift; path = ViewController.swift; sourceTree = "<group>"; };
		3288E2631BE388D700197AAB /* Base */ = {isa = PBXFileReference; lastKnownFileType = file.storyboard; name = Base; path = Base.lproj/Main.storyboard; sourceTree = "<group>"; };
		3288E2651BE388D700197AAB /* Assets.xcassets */ = {isa = PBXFileReference; lastKnownFileType = folder.assetcatalog; path = Assets.xcassets; sourceTree = "<group>"; };
		3288E2681BE388D700197AAB /* Base */ = {isa = PBXFileReference; lastKnownFileType = file.storyboard; name = Base; path = Base.lproj/LaunchScreen.storyboard; sourceTree = "<group>"; };
		3288E26A1BE388D700197AAB /* Info.plist */ = {isa = PBXFileReference; lastKnownFileType = text.plist.xml; path = Info.plist; sourceTree = "<group>"; };
		3288E2701BE3890800197AAB /* SPBackgroundDownloader.swift */ = {isa = PBXFileReference; fileEncoding = 4; lastKnownFileType = sourcecode.swift; path = SPBackgroundDownloader.swift; sourceTree = "<group>"; };
		3288E2741BE3C4BA00197AAB /* NSFileManager+Documents.swift */ = {isa = PBXFileReference; fileEncoding = 4; lastKnownFileType = sourcecode.swift; path = "NSFileManager+Documents.swift"; sourceTree = "<group>"; };
		3288E2761BE3CC6800197AAB /* NSURL+WebURLPath.swift */ = {isa = PBXFileReference; fileEncoding = 4; lastKnownFileType = sourcecode.swift; path = "NSURL+WebURLPath.swift"; sourceTree = "<group>"; };
		3288E2781BE3CD4800197AAB /* String+WebURLPath.swift */ = {isa = PBXFileReference; fileEncoding = 4; lastKnownFileType = sourcecode.swift; path = "String+WebURLPath.swift"; sourceTree = "<group>"; };
		32A7667F1BE3FE0C00D2144B /* SPBackgroundDownloader+Sesson.swift */ = {isa = PBXFileReference; fileEncoding = 4; lastKnownFileType = sourcecode.swift; path = "SPBackgroundDownloader+Sesson.swift"; sourceTree = "<group>"; };
		32A766811BE3FE1600D2144B /* SPBackgroundDownloader+File.swift */ = {isa = PBXFileReference; fileEncoding = 4; lastKnownFileType = sourcecode.swift; path = "SPBackgroundDownloader+File.swift"; sourceTree = "<group>"; };
		32A766831BE3FE7800D2144B /* SPBackgroundDownloader+Delegate.swift */ = {isa = PBXFileReference; fileEncoding = 4; lastKnownFileType = sourcecode.swift; path = "SPBackgroundDownloader+Delegate.swift"; sourceTree = "<group>"; };
		32A766851BE3FEC200D2144B /* SPBackgroundDownloader+SessionDelegate.swift */ = {isa = PBXFileReference; fileEncoding = 4; lastKnownFileType = sourcecode.swift; path = "SPBackgroundDownloader+SessionDelegate.swift"; sourceTree = "<group>"; };
		32A766871BE3FEFB00D2144B /* SPBackgroundDownloader+Users.swift */ = {isa = PBXFileReference; fileEncoding = 4; lastKnownFileType = sourcecode.swift; path = "SPBackgroundDownloader+Users.swift"; sourceTree = "<group>"; };
/* End PBXFileReference section */

/* Begin PBXFrameworksBuildPhase section */
		3288E2581BE388D600197AAB /* Frameworks */ = {
			isa = PBXFrameworksBuildPhase;
			buildActionMask = 2147483647;
			files = (
			);
			runOnlyForDeploymentPostprocessing = 0;
		};
/* End PBXFrameworksBuildPhase section */

/* Begin PBXGroup section */
		3288E2521BE388D600197AAB = {
			isa = PBXGroup;
			children = (
				3288E25D1BE388D700197AAB /* BackgroundDownload */,
				3288E25C1BE388D700197AAB /* Products */,
			);
			sourceTree = "<group>";
		};
		3288E25C1BE388D700197AAB /* Products */ = {
			isa = PBXGroup;
			children = (
				3288E25B1BE388D700197AAB /* BackgroundDownload.app */,
			);
			name = Products;
			sourceTree = "<group>";
		};
		3288E25D1BE388D700197AAB /* BackgroundDownload */ = {
			isa = PBXGroup;
			children = (
				32A7667E1BE3FDEB00D2144B /* SPBackgroundDownloader */,
				3288E25E1BE388D700197AAB /* AppDelegate.swift */,
				3288E2601BE388D700197AAB /* ViewController.swift */,
				3288E2761BE3CC6800197AAB /* NSURL+WebURLPath.swift */,
				3288E2781BE3CD4800197AAB /* String+WebURLPath.swift */,
				3288E2741BE3C4BA00197AAB /* NSFileManager+Documents.swift */,
				3288E2621BE388D700197AAB /* Main.storyboard */,
				3288E2651BE388D700197AAB /* Assets.xcassets */,
				3288E2671BE388D700197AAB /* LaunchScreen.storyboard */,
				3288E26A1BE388D700197AAB /* Info.plist */,
			);
			path = BackgroundDownload;
			sourceTree = "<group>";
		};
		32A7667E1BE3FDEB00D2144B /* SPBackgroundDownloader */ = {
			isa = PBXGroup;
			children = (
				32A766871BE3FEFB00D2144B /* SPBackgroundDownloader+Users.swift */,
				3288E2701BE3890800197AAB /* SPBackgroundDownloader.swift */,
				32A7667F1BE3FE0C00D2144B /* SPBackgroundDownloader+Sesson.swift */,
				32A766851BE3FEC200D2144B /* SPBackgroundDownloader+SessionDelegate.swift */,
				32A766811BE3FE1600D2144B /* SPBackgroundDownloader+File.swift */,
				32A766831BE3FE7800D2144B /* SPBackgroundDownloader+Delegate.swift */,
			);
			name = SPBackgroundDownloader;
			sourceTree = "<group>";
		};
/* End PBXGroup section */

/* Begin PBXNativeTarget section */
		3288E25A1BE388D600197AAB /* BackgroundDownload */ = {
			isa = PBXNativeTarget;
			buildConfigurationList = 3288E26D1BE388D700197AAB /* Build configuration list for PBXNativeTarget "BackgroundDownload" */;
			buildPhases = (
				3288E2571BE388D600197AAB /* Sources */,
				3288E2581BE388D600197AAB /* Frameworks */,
				3288E2591BE388D600197AAB /* Resources */,
			);
			buildRules = (
			);
			dependencies = (
			);
			name = BackgroundDownload;
			productName = BackgroundDownload;
			productReference = 3288E25B1BE388D700197AAB /* BackgroundDownload.app */;
			productType = "com.apple.product-type.application";
		};
/* End PBXNativeTarget section */

/* Begin PBXProject section */
		3288E2531BE388D600197AAB /* Project object */ = {
			isa = PBXProject;
			attributes = {
				LastSwiftUpdateCheck = 0710;
				LastUpgradeCheck = 0710;
				ORGANIZATIONNAME = Speedui;
				TargetAttributes = {
					3288E25A1BE388D600197AAB = {
						CreatedOnToolsVersion = 7.1;
					};
				};
			};
			buildConfigurationList = 3288E2561BE388D600197AAB /* Build configuration list for PBXProject "BackgroundDownload" */;
			compatibilityVersion = "Xcode 3.2";
			developmentRegion = English;
			hasScannedForEncodings = 0;
			knownRegions = (
				en,
				Base,
			);
			mainGroup = 3288E2521BE388D600197AAB;
			productRefGroup = 3288E25C1BE388D700197AAB /* Products */;
			projectDirPath = "";
			projectRoot = "";
			targets = (
				3288E25A1BE388D600197AAB /* BackgroundDownload */,
			);
		};
/* End PBXProject section */

/* Begin PBXResourcesBuildPhase section */
		3288E2591BE388D600197AAB /* Resources */ = {
			isa = PBXResourcesBuildPhase;
			buildActionMask = 2147483647;
			files = (
				3288E2691BE388D700197AAB /* LaunchScreen.storyboard in Resources */,
				3288E2661BE388D700197AAB /* Assets.xcassets in Resources */,
				3288E2641BE388D700197AAB /* Main.storyboard in Resources */,
			);
			runOnlyForDeploymentPostprocessing = 0;
		};
/* End PBXResourcesBuildPhase section */

/* Begin PBXSourcesBuildPhase section */
		3288E2571BE388D600197AAB /* Sources */ = {
			isa = PBXSourcesBuildPhase;
			buildActionMask = 2147483647;
			files = (
				3288E2711BE3890800197AAB /* SPBackgroundDownloader.swift in Sources */,
				32A766841BE3FE7800D2144B /* SPBackgroundDownloader+Delegate.swift in Sources */,
				32A766881BE3FEFB00D2144B /* SPBackgroundDownloader+Users.swift in Sources */,
				3288E2771BE3CC6800197AAB /* NSURL+WebURLPath.swift in Sources */,
				3288E2791BE3CD4800197AAB /* String+WebURLPath.swift in Sources */,
				32A766821BE3FE1600D2144B /* SPBackgroundDownloader+File.swift in Sources */,
				3288E2751BE3C4BA00197AAB /* NSFileManager+Documents.swift in Sources */,
				3288E2611BE388D700197AAB /* ViewController.swift in Sources */,
				32A766861BE3FEC200D2144B /* SPBackgroundDownloader+SessionDelegate.swift in Sources */,
				3288E25F1BE388D700197AAB /* AppDelegate.swift in Sources */,
				32A766801BE3FE0C00D2144B /* SPBackgroundDownloader+Sesson.swift in Sources */,
			);
			runOnlyForDeploymentPostprocessing = 0;
		};
/* End PBXSourcesBuildPhase section */

/* Begin PBXVariantGroup section */
		3288E2621BE388D700197AAB /* Main.storyboard */ = {
			isa = PBXVariantGroup;
			children = (
				3288E2631BE388D700197AAB /* Base */,
			);
			name = Main.storyboard;
			sourceTree = "<group>";
		};
		3288E2671BE388D700197AAB /* LaunchScreen.storyboard */ = {
			isa = PBXVariantGroup;
			children = (
				3288E2681BE388D700197AAB /* Base */,
			);
			name = LaunchScreen.storyboard;
			sourceTree = "<group>";
		};
/* End PBXVariantGroup section */

/* Begin XCBuildConfiguration section */
		3288E26B1BE388D700197AAB /* Debug */ = {
			isa = XCBuildConfiguration;
			buildSettings = {
				ALWAYS_SEARCH_USER_PATHS = NO;
				CLANG_CXX_LANGUAGE_STANDARD = "gnu++0x";
				CLANG_CXX_LIBRARY = "libc++";
				CLANG_ENABLE_MODULES = YES;
				CLANG_ENABLE_OBJC_ARC = YES;
				CLANG_WARN_BOOL_CONVERSION = YES;
				CLANG_WARN_CONSTANT_CONVERSION = YES;
				CLANG_WARN_DIRECT_OBJC_ISA_USAGE = YES_ERROR;
				CLANG_WARN_EMPTY_BODY = YES;
				CLANG_WARN_ENUM_CONVERSION = YES;
				CLANG_WARN_INT_CONVERSION = YES;
				CLANG_WARN_OBJC_ROOT_CLASS = YES_ERROR;
				CLANG_WARN_UNREACHABLE_CODE = YES;
				CLANG_WARN__DUPLICATE_METHOD_MATCH = YES;
				"CODE_SIGN_IDENTITY[sdk=iphoneos*]" = "iPhone Developer";
				COPY_PHASE_STRIP = NO;
				DEBUG_INFORMATION_FORMAT = dwarf;
				ENABLE_STRICT_OBJC_MSGSEND = YES;
				ENABLE_TESTABILITY = YES;
				GCC_C_LANGUAGE_STANDARD = gnu99;
				GCC_DYNAMIC_NO_PIC = NO;
				GCC_NO_COMMON_BLOCKS = YES;
				GCC_OPTIMIZATION_LEVEL = 0;
				GCC_PREPROCESSOR_DEFINITIONS = (
					"DEBUG=1",
					"$(inherited)",
				);
				GCC_WARN_64_TO_32_BIT_CONVERSION = YES;
				GCC_WARN_ABOUT_RETURN_TYPE = YES_ERROR;
				GCC_WARN_UNDECLARED_SELECTOR = YES;
				GCC_WARN_UNINITIALIZED_AUTOS = YES_AGGRESSIVE;
				GCC_WARN_UNUSED_FUNCTION = YES;
				GCC_WARN_UNUSED_VARIABLE = YES;
				IPHONEOS_DEPLOYMENT_TARGET = 7.0;
				MTL_ENABLE_DEBUG_INFO = YES;
				ONLY_ACTIVE_ARCH = YES;
				SDKROOT = iphoneos;
				SWIFT_OPTIMIZATION_LEVEL = "-Onone";
			};
			name = Debug;
		};
		3288E26C1BE388D700197AAB /* Release */ = {
			isa = XCBuildConfiguration;
			buildSettings = {
				ALWAYS_SEARCH_USER_PATHS = NO;
				CLANG_CXX_LANGUAGE_STANDARD = "gnu++0x";
				CLANG_CXX_LIBRARY = "libc++";
				CLANG_ENABLE_MODULES = YES;
				CLANG_ENABLE_OBJC_ARC = YES;
				CLANG_WARN_BOOL_CONVERSION = YES;
				CLANG_WARN_CONSTANT_CONVERSION = YES;
				CLANG_WARN_DIRECT_OBJC_ISA_USAGE = YES_ERROR;
				CLANG_WARN_EMPTY_BODY = YES;
				CLANG_WARN_ENUM_CONVERSION = YES;
				CLANG_WARN_INT_CONVERSION = YES;
				CLANG_WARN_OBJC_ROOT_CLASS = YES_ERROR;
				CLANG_WARN_UNREACHABLE_CODE = YES;
				CLANG_WARN__DUPLICATE_METHOD_MATCH = YES;
				"CODE_SIGN_IDENTITY[sdk=iphoneos*]" = "iPhone Developer";
				COPY_PHASE_STRIP = NO;
				DEBUG_INFORMATION_FORMAT = "dwarf-with-dsym";
				ENABLE_NS_ASSERTIONS = NO;
				ENABLE_STRICT_OBJC_MSGSEND = YES;
				GCC_C_LANGUAGE_STANDARD = gnu99;
				GCC_NO_COMMON_BLOCKS = YES;
				GCC_WARN_64_TO_32_BIT_CONVERSION = YES;
				GCC_WARN_ABOUT_RETURN_TYPE = YES_ERROR;
				GCC_WARN_UNDECLARED_SELECTOR = YES;
				GCC_WARN_UNINITIALIZED_AUTOS = YES_AGGRESSIVE;
				GCC_WARN_UNUSED_FUNCTION = YES;
				GCC_WARN_UNUSED_VARIABLE = YES;
				IPHONEOS_DEPLOYMENT_TARGET = 7.0;
				MTL_ENABLE_DEBUG_INFO = NO;
				SDKROOT = iphoneos;
				VALIDATE_PRODUCT = YES;
			};
			name = Release;
		};
		3288E26E1BE388D700197AAB /* Debug */ = {
			isa = XCBuildConfiguration;
			buildSettings = {
				ASSETCATALOG_COMPILER_APPICON_NAME = AppIcon;
				INFOPLIST_FILE = BackgroundDownload/Info.plist;
				LD_RUNPATH_SEARCH_PATHS = "$(inherited) @executable_path/Frameworks";
				PRODUCT_BUNDLE_IDENTIFIER = com.speedui.BackgroundDownload;
				PRODUCT_NAME = "$(TARGET_NAME)";
			};
			name = Debug;
		};
		3288E26F1BE388D700197AAB /* Release */ = {
			isa = XCBuildConfiguration;
			buildSettings = {
				ASSETCATALOG_COMPILER_APPICON_NAME = AppIcon;
				INFOPLIST_FILE = BackgroundDownload/Info.plist;
				LD_RUNPATH_SEARCH_PATHS = "$(inherited) @executable_path/Frameworks";
				PRODUCT_BUNDLE_IDENTIFIER = com.speedui.BackgroundDownload;
				PRODUCT_NAME = "$(TARGET_NAME)";
			};
			name = Release;
		};
/* End XCBuildConfiguration section */

/* Begin XCConfigurationList section */
		3288E2561BE388D600197AAB /* Build configuration list for PBXProject "BackgroundDownload" */ = {
			isa = XCConfigurationList;
			buildConfigurations = (
				3288E26B1BE388D700197AAB /* Debug */,
				3288E26C1BE388D700197AAB /* Release */,
			);
			defaultConfigurationIsVisible = 0;
			defaultConfigurationName = Release;
		};
		3288E26D1BE388D700197AAB /* Build configuration list for PBXNativeTarget "BackgroundDownload" */ = {
			isa = XCConfigurationList;
			buildConfigurations = (
				3288E26E1BE388D700197AAB /* Debug */,
				3288E26F1BE388D700197AAB /* Release */,
			);
			defaultConfigurationIsVisible = 0;
			defaultConfigurationName = Release;
		};
/* End XCConfigurationList section */
	};
	rootObject = 3288E2531BE388D600197AAB /* Project object */;
}
